Microsoft Visual Studio Solution File, Format Version 12.00
# Visual Studio Version 17
VisualStudioVersion = 17.5.2.0
MinimumVisualStudioVersion = 10.0.40219.1
Project("{FAE04EC0-301F-11D3-BF4B-00C04F79EFBC}") = "ADO-Dot-NET-Core-Demo", "ADO-Dot-NET-Core-Demo.csproj", "{245732EF-627E-0052-4199-F0F230047DB8}"
EndProject
Global
	GlobalSection(SolutionConfigurationPlatforms) = preSolution
		Debug|Any CPU = Debug|Any CPU
		Release|Any CPU = Release|Any CPU
	EndGlobalSection
	GlobalSection(ProjectConfigurationPlatforms) = postSolution
		{245732EF-627E-0052-4199-F0F230047DB8}.Debug|Any CPU.ActiveCfg = Debug|Any CPU
		{245732EF-627E-0052-4199-F0F230047DB8}.Debug|Any CPU.Build.0 = Debug|Any CPU
		{245732EF-627E-0052-4199-F0F230047DB8}.Release|Any CPU.ActiveCfg = Release|Any CPU
		{245732EF-627E-0052-4199-F0F230047DB8}.Release|Any CPU.Build.0 = Release|Any CPU
	EndGlobalSection
	GlobalSection(SolutionProperties) = preSolution
		HideSolutionNode = FALSE
	EndGlobalSection
	GlobalSection(ExtensibilityGlobals) = postSolution
		SolutionGuid = {B85388F5-E2DF-4B4D-B04C-8A5BF6DF810E}
	EndGlobalSection
EndGlobal
